
Microsoft Visual Studio Solution File, Format Version 12.00
# Visual Studio Version 17
VisualStudioVersion = 17.11.35303.130
MinimumVisualStudioVersion = 10.0.40219.1
Project("{8BC9CEB8-8B4A-11D0-8D11-00A0C91BC942}") = "D3DCode", "D3DCode\D3DCode.vcxproj", "{50E4309D-4C4A-4868-830B-FA511D27BA1C}"
EndProject
Global
	GlobalSection(SolutionConfigurationPlatforms) = preSolution
		Debug|x64 = Debug|x64
		Debug|x86 = Debug|x86
		Release|x64 = Release|x64
		Release|x86 = Release|x86
	EndGlobalSection
	GlobalSection(ProjectConfigurationPlatforms) = postSolution
		{50E4309D-4C4A-4868-830B-FA511D27BA1C}.Debug|x64.ActiveCfg = Debug|x64
		{50E4309D-4C4A-4868-830B-FA511D27BA1C}.Debug|x64.Build.0 = Debug|x64
		{50E4309D-4C4A-4868-830B-FA511D27BA1C}.Debug|x86.ActiveCfg = Debug|Win32
		{50E4309D-4C4A-4868-830B-FA511D27BA1C}.Debug|x86.Build.0 = Debug|Win32
		{50E4309D-4C4A-4868-830B-FA511D27BA1C}.Release|x64.ActiveCfg = Release|x64
		{50E4309D-4C4A-4868-830B-FA511D27BA1C}.Release|x64.Build.0 = Release|x64
		{50E4309D-4C4A-4868-830B-FA511D27BA1C}.Release|x86.ActiveCfg = Release|Win32
		{50E4309D-4C4A-4868-830B-FA511D27BA1C}.Release|x86.Build.0 = Release|Win32
	EndGlobalSection
	GlobalSection(SolutionProperties) = preSolution
		HideSolutionNode = FALSE
	EndGlobalSection
	GlobalSection(ExtensibilityGlobals) = postSolution
		SolutionGuid = {1C0F7B3B-A3A1-4E59-87F7-F767DB8B54F6}
	EndGlobalSection
EndGlobal
